
Microsoft Visual Studio Solution File, Format Version 12.00
# Visual Studio Version 17
VisualStudioVersion = 17.4.33213.308
MinimumVisualStudioVersion = 10.0.40219.1
Project("{FAE04EC0-301F-11D3-BF4B-00C04F79EFBC}") = "Libreria", "Libreria\Libreria.csproj", "{AF4A20CA-9D9E-4356-A625-1F38A777A0C0}"
EndProject
Project("{FAE04EC0-301F-11D3-BF4B-00C04F79EFBC}") = "BL", "BL\BL.csproj", "{594C89DF-B8DD-410C-B193-C32C3ECD272C}"
EndProject
Project("{FAE04EC0-301F-11D3-BF4B-00C04F79EFBC}") = "EL", "EL\EL.csproj", "{78B119F5-859C-4036-9A7A-E6A7C6654752}"
EndProject
Project("{FAE04EC0-301F-11D3-BF4B-00C04F79EFBC}") = "DAL", "DAL\DAL.csproj", "{C427F7FE-5002-4212-B33A-000A5F87425B}"
EndProject
Global
	GlobalSection(SolutionConfigurationPlatforms) = preSolution
		Debug|Any CPU = Debug|Any CPU
		Release|Any CPU = Release|Any CPU
	EndGlobalSection
	GlobalSection(ProjectConfigurationPlatforms) = postSolution
		{AF4A20CA-9D9E-4356-A625-1F38A777A0C0}.Debug|Any CPU.ActiveCfg = Debug|Any CPU
		{AF4A20CA-9D9E-4356-A625-1F38A777A0C0}.Debug|Any CPU.Build.0 = Debug|Any CPU
		{AF4A20CA-9D9E-4356-A625-1F38A777A0C0}.Release|Any CPU.ActiveCfg = Release|Any CPU
		{AF4A20CA-9D9E-4356-A625-1F38A777A0C0}.Release|Any CPU.Build.0 = Release|Any CPU
		{594C89DF-B8DD-410C-B193-C32C3ECD272C}.Debug|Any CPU.ActiveCfg = Debug|Any CPU
		{594C89DF-B8DD-410C-B193-C32C3ECD272C}.Debug|Any CPU.Build.0 = Debug|Any CPU
		{594C89DF-B8DD-410C-B193-C32C3ECD272C}.Release|Any CPU.ActiveCfg = Release|Any CPU
		{594C89DF-B8DD-410C-B193-C32C3ECD272C}.Release|Any CPU.Build.0 = Release|Any CPU
		{78B119F5-859C-4036-9A7A-E6A7C6654752}.Debug|Any CPU.ActiveCfg = Debug|Any CPU
		{78B119F5-859C-4036-9A7A-E6A7C6654752}.Debug|Any CPU.Build.0 = Debug|Any CPU
		{78B119F5-859C-4036-9A7A-E6A7C6654752}.Release|Any CPU.ActiveCfg = Release|Any CPU
		{78B119F5-859C-4036-9A7A-E6A7C6654752}.Release|Any CPU.Build.0 = Release|Any CPU
		{C427F7FE-5002-4212-B33A-000A5F87425B}.Debug|Any CPU.ActiveCfg = Debug|Any CPU
		{C427F7FE-5002-4212-B33A-000A5F87425B}.Debug|Any CPU.Build.0 = Debug|Any CPU
		{C427F7FE-5002-4212-B33A-000A5F87425B}.Release|Any CPU.ActiveCfg = Release|Any CPU
		{C427F7FE-5002-4212-B33A-000A5F87425B}.Release|Any CPU.Build.0 = Release|Any CPU
	EndGlobalSection
	GlobalSection(SolutionProperties) = preSolution
		HideSolutionNode = FALSE
	EndGlobalSection
	GlobalSection(ExtensibilityGlobals) = postSolution
		SolutionGuid = {9703739E-87B5-40EE-981D-C5E65931DA4F}
	EndGlobalSection
EndGlobal
